PODS:
  - AmazonPublisherServicesSDK (4.7.6)
  - NativoSDK (7.2.0)

DEPENDENCIES:
  - AmazonPublisherServicesSDK (~> 4.7)
  - NativoSDK (= 7.2.0)

SPEC REPOS:
  trunk:
    - AmazonPublisherServicesSDK
    - NativoSDK

SPEC CHECKSUMS:
  AmazonPublisherServicesSDK: 42e44affd14820c7ca17e55934fe8e53f5fb9ca0
  NativoSDK: e28325b8c6229d43b5215b8f4a61b16052c98532

PODFILE CHECKSUM: 8dedea228deb7401992a9a31c01a8a3b70035c0e

COCOAPODS: 1.14.2
